{
  "name": "@warung-bujo/backoffice",
  "version": "0.0.0",
  "lockfileVersion": 3,
  "requires": true,
  "packages": {
    "": {
      "name": "@warung-bujo/backoffice",
      "version": "0.0.0",
      "dependencies": {
        "clsx": "^2.0.0",
        "framer-motion": "^10.15.1",
        "lucide-react": "^0.263.1",
        "react": "^18.2.0",
        "react-dom": "^18.2.0",
        "react-router-dom": "^6.30.3",
        "recharts": "^2.7.2",
        "tailwind-merge": "^1.14.0"
      },
      "devDependencies": {
        "@types/react": "^18.2.15",
        "@types/react-dom": "^18.2.7",
        "@vitejs/plugin-react": "^4.0.3",
        "autoprefixer": "^10.4.14",
        "postcss": "^8.4.27",
        "tailwindcss": "^3.3.3",
        "typescript": "^5.0.2",
        "vite": "^4.4.5"
      }
    },
    "../../node_modules/.pnpm/@types+react-dom@18.3.7_@types+react@18.3.28/node_modules/@types/react-dom": {
      "version": "18.3.7",
      "dev": true,
      "license": "MIT",
      "peerDependencies": {
        "@types/react": "^18.0.0"
      }
    },
    "../../node_modules/.pnpm/@types+react@18.3.28/node_modules/@types/react": {
      "version": "18.3.28",
      "dev": true,
      "license": "MIT",
      "dependencies": {
        "@types/prop-types": "*",
        "csstype": "^3.2.2"
      }
    },
    "../../node_modules/.pnpm/@vitejs+plugin-react@4.7.0_vite@4.5.14_@types+node@20.19.37_/node_modules/@vitejs/plugin-react": {
      "version": "4.7.0",
      "dev": true,
      "license": "MIT",
      "dependencies": {
        "@babel/core": "^7.28.0",
        "@babel/plugin-transform-react-jsx-self": "^7.27.1",
        "@babel/plugin-transform-react-jsx-source": "^7.27.1",
        "@rolldown/pluginutils": "1.0.0-beta.27",
        "@types/babel__core": "^7.20.5",
        "react-refresh": "^0.17.0"
      },
      "devDependencies": {
        "@vitejs/react-common": "workspace:*",
        "babel-plugin-react-compiler": "19.1.0-rc.2",
        "react": "^19.1.0",
        "react-dom": "^19.1.0",
        "rolldown": "1.0.0-beta.27",
        "tsdown": "^0.12.9",
        "vitest": "^3.2.4"
      },
      "engines": {
        "node": "^14.18.0 || >=16.0.0"
      },
      "peerDependencies": {
        "vite": "^4.2.0 || ^5.0.0 || ^6.0.0 || ^7.0.0"
      }
    },
    "../../node_modules/.pnpm/autoprefixer@10.4.27_postcss@8.5.8/node_modules/autoprefixer": {
      "version": "10.4.27",
      "dev": true,
      "funding": [
        {
          "type": "opencollective",
          "url": "https://opencollective.com/postcss/"
        },
        {
          "type": "tidelift",
          "url": "https://tidelift.com/funding/github/npm/autoprefixer"
        },
        {
          "type": "github",
          "url": "https://github.com/sponsors/ai"
        }
      ],
      "license": "MIT",
      "dependencies": {
        "browserslist": "^4.28.1",
        "caniuse-lite": "^1.0.30001774",
        "fraction.js": "^5.3.4",
        "picocolors": "^1.1.1",
        "postcss-value-parser": "^4.2.0"
      },
      "bin": {
        "autoprefixer": "bin/autoprefixer"
      },
      "engines": {
        "node": "^10 || ^12 || >=14"
      },
      "peerDependencies": {
        "postcss": "^8.1.0"
      }
    },
    "../../node_modules/.pnpm/clsx@2.1.1/node_modules/clsx": {
      "version": "2.1.1",
      "license": "MIT",
      "devDependencies": {
        "esm": "3.2.25",
        "terser": "4.8.0",
        "uvu": "0.5.4"
      },
      "engines": {
        "node": ">=6"
      }
    },
    "../../node_modules/.pnpm/framer-motion@10.18.0_react_39718d184a546e7029955c4644d61736/node_modules/framer-motion": {
      "version": "10.18.0",
      "license": "MIT",
      "dependencies": {
        "tslib": "^2.4.0"
      },
      "optionalDependencies": {
        "@emotion/is-prop-valid": "^0.8.2"
      },
      "peerDependencies": {
        "react": "^18.0.0",
        "react-dom": "^18.0.0"
      },
      "peerDependenciesMeta": {
        "react": {
          "optional": true
        },
        "react-dom": {
          "optional": true
        }
      }
    },
    "../../node_modules/.pnpm/lucide-react@0.263.1_react@18.3.1/node_modules/lucide-react": {
      "version": "0.263.1",
      "license": "ISC",
      "devDependencies": {
        "@lucide/build-icons": "1.0.0",
        "@lucide/rollup-plugins": "1.0.0",
        "@testing-library/jest-dom": "^5.16.5",
        "@testing-library/react": "^11.2.6",
        "@types/prop-types": "^15.7.5",
        "@types/react": "^18.0.21",
        "@vitejs/plugin-react": "^2.1.0",
        "react": "17.0.2",
        "react-dom": "17.0.2",
        "rollup": "^3.5.1",
        "rollup-plugin-dts": "^5.0.0",
        "typescript": "^4.8.4",
        "vite": "^4.3.9",
        "vitest": "^0.32.2"
      },
      "peerDependencies": {
        "react": "^16.5.1 || ^17.0.0 || ^18.0.0"
      }
    },
    "../../node_modules/.pnpm/postcss@8.5.8/node_modules/postcss": {
      "version": "8.5.8",
      "dev": true,
      "funding": [
        {
          "type": "opencollective",
          "url": "https://opencollective.com/postcss/"
        },
        {
          "type": "tidelift",
          "url": "https://tidelift.com/funding/github/npm/postcss"
        },
        {
          "type": "github",
          "url": "https://github.com/sponsors/ai"
        }
      ],
      "license": "MIT",
      "dependencies": {
        "nanoid": "^3.3.11",
        "picocolors": "^1.1.1",
        "source-map-js": "^1.2.1"
      },
      "engines": {
        "node": "^10 || ^12 || >=14"
      }
    },
    "../../node_modules/.pnpm/react-dom@18.3.1_react@18.3.1/node_modules/react-dom": {
      "version": "18.3.1",
      "license": "MIT",
      "peer": true,
      "dependencies": {
        "loose-envify": "^1.1.0",
        "scheduler": "^0.23.2"
      },
      "peerDependencies": {
        "react": "^18.3.1"
      }
    },
    "../../node_modules/.pnpm/react@18.3.1/node_modules/react": {
      "version": "18.3.1",
      "license": "MIT",
      "peer": true,
      "dependencies": {
        "loose-envify": "^1.1.0"
      },
      "engines": {
        "node": ">=0.10.0"
      }
    },
    "../../node_modules/.pnpm/recharts@2.15.4_react-dom@18.3.1_react@18.3.1__react@18.3.1/node_modules/recharts": {
      "version": "2.15.4",
      "license": "MIT",
      "dependencies": {
        "clsx": "^2.0.0",
        "eventemitter3": "^4.0.1",
        "lodash": "^4.17.21",
        "react-is": "^18.3.1",
        "react-smooth": "^4.0.4",
        "recharts-scale": "^0.4.4",
        "tiny-invariant": "^1.3.1",
        "victory-vendor": "^36.6.8"
      },
      "devDependencies": {
        "@babel/cli": "^7.23.0",
        "@babel/core": "^7.23.2",
        "@babel/plugin-proposal-export-default-from": "^7.22.17",
        "@babel/plugin-proposal-function-bind": "^7.22.5",
        "@babel/plugin-transform-runtime": "^7.23.2",
        "@babel/preset-env": "^7.23.2",
        "@babel/preset-react": "^7.22.15",
        "@babel/preset-typescript": "^7.23.2",
        "@babel/runtime": "^7.27.6",
        "@storybook/addon-a11y": "^8.1.2",
        "@storybook/addon-docs": "^8.1.2",
        "@storybook/addon-essentials": "^8.1.2",
        "@storybook/addon-interactions": "^8.1.2",
        "@storybook/addon-links": "^8.1.2",
        "@storybook/addon-mdx-gfm": "^8.1.2",
        "@storybook/addon-storysource": "^8.1.2",
        "@storybook/addon-webpack5-compiler-swc": "^1.0.2",
        "@storybook/manager-api": "^8.1.2",
        "@storybook/react": "^8.1.2",
        "@storybook/react-webpack5": "^8.1.2",
        "@storybook/source-loader": "^8.1.2",
        "@storybook/test-runner": "^0.18.0",
        "@storybook/theming": "^8.1.2",
        "@testing-library/jest-dom": "^6.4.5",
        "@testing-library/react": "^15.0.7",
        "@testing-library/user-event": "^14.5.2",
        "@types/d3-interpolate": "^3.0.1",
        "@types/d3-shape": "^3.1.0",
        "@types/d3-time-format": "^4.0.0",
        "@types/lodash": "^4.14.144",
        "@types/node": "^14.18.34",
        "@types/react": "^18.3.3",
        "@types/react-dom": "^18.3.0",
        "@types/react-is": "^18.3.0",
        "@types/react-router-dom": "^5.1.7",
        "@typescript-eslint/eslint-plugin": "^4.33.0",
        "@typescript-eslint/parser": "^4.33.0",
        "@vitejs/plugin-react": "^4.0.4",
        "@vitest/coverage-v8": "^0.34.6",
        "babel-loader": "^9.1.3",
        "babel-plugin-dev-expression": "^0.2.3",
        "babel-plugin-lodash": "^3.3.4",
        "browserslist": "^4.21.0",
        "chromatic": "^11.4.0",
        "concurrently": "^7.6.0",
        "cross-env": "^7.0.3",
        "d3-scale-chromatic": "^3.0.0",
        "d3-time": "^3.1.0",
        "d3-time-format": "^4.1.0",
        "eslint": "^7.32.0",
        "eslint-config-airbnb": "^18.2.1",
        "eslint-config-prettier": "^7.2.0",
        "eslint-plugin-import": "^2.26.0",
        "eslint-plugin-jsx-a11y": "^6.6.1",
        "eslint-plugin-prettier": "^3.1.2",
        "eslint-plugin-react": "^7.31.11",
        "eslint-plugin-react-hooks": "^4.6.0",
        "eslint-plugin-storybook": "^0.6.15",
        "husky": "^8.0.2",
        "jsdom": "^22.1.0",
        "lint-staged": "^13.2.2",
        "prettier": "^2.2.1",
        "react": "^18.3.1",
        "react-dom": "^18.3.1",
        "react-router-dom": "^5.1.2",
        "rimraf": "^3.0.2",
        "storybook": "^8.1.2",
        "terser-webpack-plugin": "^5.1.1",
        "ts-loader": "^8.0.12",
        "typescript": "4.9.5",
        "update-browserslist-db": "^1.0.10",
        "vitest": "^0.34.5",
        "vitest-axe": "^0.1.0",
        "webpack": "^5.65.0",
        "webpack-bundle-analyzer": "^4.4.0",
        "webpack-cli": "^4.9.0",
        "webpack-dev-server": "^4.6.0"
      },
      "engines": {
        "node": ">=14"
      },
      "peerDependencies": {
        "react": "^16.0.0 || ^17.0.0 || ^18.0.0 || ^19.0.0",
        "react-dom": "^16.0.0 || ^17.0.0 || ^18.0.0 || ^19.0.0"
      }
    },
    "../../node_modules/.pnpm/tailwind-merge@1.14.0/node_modules/tailwind-merge": {
      "version": "1.14.0",
      "license": "MIT",
      "devDependencies": {
        "@size-limit/preset-small-lib": "^8.2.6",
        "@types/jest": "^29.5.2",
        "@typescript-eslint/eslint-plugin": "^5.60.1",
        "@typescript-eslint/parser": "^5.60.1",
        "dts-cli": "^2.0.3",
        "eslint": "^8.44.0",
        "eslint-plugin-import": "^2.27.5",
        "eslint-plugin-jest": "^27.2.2",
        "globby": "^11.1.0",
        "prettier": "^2.8.8",
        "size-limit": "^8.2.6",
        "ts-jest": "^29.1.1",
        "typescript": "^5.1.6",
        "zx": "^7.2.2"
      },
      "funding": {
        "type": "github",
        "url": "https://github.com/sponsors/dcastil"
      }
    },
    "../../node_modules/.pnpm/tailwindcss@3.4.19_tsx@4.21.0_yaml@2.8.2/node_modules/tailwindcss": {
      "version": "3.4.19",
      "dev": true,
      "license": "MIT",
      "dependencies": {
        "@alloc/quick-lru": "^5.2.0",
        "arg": "^5.0.2",
        "chokidar": "^3.6.0",
        "didyoumean": "^1.2.2",
        "dlv": "^1.1.3",
        "fast-glob": "^3.3.2",
        "glob-parent": "^6.0.2",
        "is-glob": "^4.0.3",
        "jiti": "^1.21.7",
        "lilconfig": "^3.1.3",
        "micromatch": "^4.0.8",
        "normalize-path": "^3.0.0",
        "object-hash": "^3.0.0",
        "picocolors": "^1.1.1",
        "postcss": "^8.4.47",
        "postcss-import": "^15.1.0",
        "postcss-js": "^4.0.1",
        "postcss-load-config": "^4.0.2 || ^5.0 || ^6.0",
        "postcss-nested": "^6.2.0",
        "postcss-selector-parser": "^6.1.2",
        "resolve": "^1.22.8",
        "sucrase": "^3.35.0"
      },
      "bin": {
        "tailwind": "lib/cli.js",
        "tailwindcss": "lib/cli.js"
      },
      "devDependencies": {
        "@swc/cli": "0.1.62",
        "@swc/core": "1.3.55",
        "@swc/jest": "0.2.26",
        "@swc/register": "0.1.10",
        "autoprefixer": "^10.4.20",
        "browserslist": "^4.24.0",
        "concurrently": "^8.2.2",
        "cssnano": "^6.1.2",
        "esbuild": "^0.24.0",
        "eslint": "^8.57.1",
        "eslint-config-prettier": "^8.10.0",
        "eslint-plugin-prettier": "^4.2.1",
        "jest": "^29.7.0",
        "jest-diff": "^29.7.0",
        "lightningcss": "1.27.0",
        "prettier": "^2.8.8",
        "rimraf": "^5.0.10",
        "source-map-js": "^1.2.1",
        "turbo": "^1.13.4"
      },
      "engines": {
        "node": ">=14.0.0"
      }
    },
    "../../node_modules/.pnpm/typescript@5.9.3/node_modules/typescript": {
      "version": "5.9.3",
      "dev": true,
      "license": "Apache-2.0",
      "bin": {
        "tsc": "bin/tsc",
        "tsserver": "bin/tsserver"
      },
      "devDependencies": {
        "@dprint/formatter": "^0.4.1",
        "@dprint/typescript": "0.93.4",
        "@esfx/canceltoken": "^1.0.0",
        "@eslint/js": "^9.20.0",
        "@octokit/rest": "^21.1.1",
        "@types/chai": "^4.3.20",
        "@types/diff": "^7.0.1",
        "@types/minimist": "^1.2.5",
        "@types/mocha": "^10.0.10",
        "@types/ms": "^0.7.34",
        "@types/node": "latest",
        "@types/source-map-support": "^0.5.10",
        "@types/which": "^3.0.4",
        "@typescript-eslint/rule-tester": "^8.24.1",
        "@typescript-eslint/type-utils": "^8.24.1",
        "@typescript-eslint/utils": "^8.24.1",
        "azure-devops-node-api": "^14.1.0",
        "c8": "^10.1.3",
        "chai": "^4.5.0",
        "chokidar": "^4.0.3",
        "diff": "^7.0.0",
        "dprint": "^0.49.0",
        "esbuild": "^0.25.0",
        "eslint": "^9.20.1",
        "eslint-formatter-autolinkable-stylish": "^1.4.0",
        "eslint-plugin-regexp": "^2.7.0",
        "fast-xml-parser": "^4.5.2",
        "glob": "^10.4.5",
        "globals": "^15.15.0",
        "hereby": "^1.10.0",
        "jsonc-parser": "^3.3.1",
        "knip": "^5.44.4",
        "minimist": "^1.2.8",
        "mocha": "^10.8.2",
        "mocha-fivemat-progress-reporter": "^0.1.0",
        "monocart-coverage-reports": "^2.12.1",
        "ms": "^2.1.3",
        "picocolors": "^1.1.1",
        "playwright": "^1.50.1",
        "source-map-support": "^0.5.21",
        "tslib": "^2.8.1",
        "typescript": "^5.7.3",
        "typescript-eslint": "^8.24.1",
        "which": "^3.0.1"
      },
      "engines": {
        "node": ">=14.17"
      }
    },
    "../../node_modules/.pnpm/vite@4.5.14_@types+node@20.19.37/node_modules/vite": {
      "version": "4.5.14",
      "dev": true,
      "license": "MIT",
      "dependencies": {
        "esbuild": "^0.18.10",
        "postcss": "^8.4.27",
        "rollup": "^3.27.1"
      },
      "bin": {
        "vite": "bin/vite.js"
      },
      "devDependencies": {
        "@ampproject/remapping": "^2.2.1",
        "@babel/parser": "^7.22.7",
        "@babel/types": "^7.22.5",
        "@jridgewell/trace-mapping": "^0.3.18",
        "@rollup/plugin-alias": "^4.0.4",
        "@rollup/plugin-commonjs": "^25.0.3",
        "@rollup/plugin-dynamic-import-vars": "^2.0.4",
        "@rollup/plugin-json": "^6.0.0",
        "@rollup/plugin-node-resolve": "15.1.0",
        "@rollup/plugin-typescript": "^11.1.2",
        "@rollup/pluginutils": "^5.0.2",
        "@types/escape-html": "^1.0.2",
        "@types/pnpapi": "^0.0.2",
        "acorn": "^8.10.0",
        "acorn-walk": "^8.2.0",
        "cac": "^6.7.14",
        "chokidar": "^3.5.3",
        "connect": "^3.7.0",
        "connect-history-api-fallback": "^2.0.0",
        "convert-source-map": "^2.0.0",
        "cors": "^2.8.5",
        "cross-spawn": "^7.0.3",
        "debug": "^4.3.4",
        "dep-types": "link:./src/types",
        "dotenv": "^16.3.1",
        "dotenv-expand": "^9.0.0",
        "es-module-lexer": "^1.3.0",
        "escape-html": "^1.0.3",
        "estree-walker": "^3.0.3",
        "etag": "^1.8.1",
        "fast-glob": "^3.3.1",
        "http-proxy": "^1.18.1",
        "json-stable-stringify": "^1.0.2",
        "launch-editor-middleware": "^2.6.0",
        "lightningcss": "^1.21.5",
        "magic-string": "^0.30.2",
        "micromatch": "^4.0.5",
        "mlly": "^1.4.0",
        "mrmime": "^1.0.1",
        "okie": "^1.0.1",
        "open": "^8.4.2",
        "parse5": "^7.1.2",
        "periscopic": "^3.1.0",
        "picocolors": "^1.0.0",
        "picomatch": "^2.3.1",
        "postcss-import": "^15.1.0",
        "postcss-load-config": "^4.0.1",
        "postcss-modules": "^6.0.0",
        "resolve.exports": "^2.0.2",
        "rollup-plugin-license": "^3.0.1",
        "sirv": "^2.0.3",
        "source-map-support": "^0.5.21",
        "strip-ansi": "^7.1.0",
        "strip-literal": "^1.3.0",
        "tsconfck": "^2.1.2",
        "tslib": "^2.6.1",
        "types": "link:./types",
        "ufo": "^1.2.0",
        "ws": "^8.13.0"
      },
      "engines": {
        "node": "^14.18.0 || >=16.0.0"
      },
      "funding": {
        "url": "https://github.com/vitejs/vite?sponsor=1"
      },
      "optionalDependencies": {
        "fsevents": "~2.3.2"
      },
      "peerDependencies": {
        "@types/node": ">= 14",
        "less": "*",
        "lightningcss": "^1.21.0",
        "sass": "*",
        "stylus": "*",
        "sugarss": "*",
        "terser": "^5.4.0"
      },
      "peerDependenciesMeta": {
        "@types/node": {
          "optional": true
        },
        "less": {
          "optional": true
        },
        "lightningcss": {
          "optional": true
        },
        "sass": {
          "optional": true
        },
        "stylus": {
          "optional": true
        },
        "sugarss": {
          "optional": true
        },
        "terser": {
          "optional": true
        }
      }
    },
    "node_modules/@remix-run/router": {
      "version": "1.23.2",
      "resolved": "https://registry.npmjs.org/@remix-run/router/-/router-1.23.2.tgz",
      "integrity": "sha512-Ic6m2U/rMjTkhERIa/0ZtXJP17QUi2CbWE7cqx4J58M8aA3QTfW+2UlQ4psvTX9IO1RfNVhK3pcpdjej7L+t2w==",
      "license": "MIT",
      "engines": {
        "node": ">=14.0.0"
      }
    },
    "node_modules/@types/react": {
      "resolved": "../../node_modules/.pnpm/@types+react@18.3.28/node_modules/@types/react",
      "link": true
    },
    "node_modules/@types/react-dom": {
      "resolved": "../../node_modules/.pnpm/@types+react-dom@18.3.7_@types+react@18.3.28/node_modules/@types/react-dom",
      "link": true
    },
    "node_modules/@vitejs/plugin-react": {
      "resolved": "../../node_modules/.pnpm/@vitejs+plugin-react@4.7.0_vite@4.5.14_@types+node@20.19.37_/node_modules/@vitejs/plugin-react",
      "link": true
    },
    "node_modules/autoprefixer": {
      "resolved": "../../node_modules/.pnpm/autoprefixer@10.4.27_postcss@8.5.8/node_modules/autoprefixer",
      "link": true
    },
    "node_modules/clsx": {
      "resolved": "../../node_modules/.pnpm/clsx@2.1.1/node_modules/clsx",
      "link": true
    },
    "node_modules/framer-motion": {
      "resolved": "../../node_modules/.pnpm/framer-motion@10.18.0_react_39718d184a546e7029955c4644d61736/node_modules/framer-motion",
      "link": true
    },
    "node_modules/lucide-react": {
      "resolved": "../../node_modules/.pnpm/lucide-react@0.263.1_react@18.3.1/node_modules/lucide-react",
      "link": true
    },
    "node_modules/postcss": {
      "resolved": "../../node_modules/.pnpm/postcss@8.5.8/node_modules/postcss",
      "link": true
    },
    "node_modules/react": {
      "resolved": "../../node_modules/.pnpm/react@18.3.1/node_modules/react",
      "link": true
    },
    "node_modules/react-dom": {
      "resolved": "../../node_modules/.pnpm/react-dom@18.3.1_react@18.3.1/node_modules/react-dom",
      "link": true
    },
    "node_modules/react-router": {
      "version": "6.30.3",
      "resolved": "https://registry.npmjs.org/react-router/-/react-router-6.30.3.tgz",
      "integrity": "sha512-XRnlbKMTmktBkjCLE8/XcZFlnHvr2Ltdr1eJX4idL55/9BbORzyZEaIkBFDhFGCEWBBItsVrDxwx3gnisMitdw==",
      "license": "MIT",
      "dependencies": {
        "@remix-run/router": "1.23.2"
      },
      "engines": {
        "node": ">=14.0.0"
      },
      "peerDependencies": {
        "react": ">=16.8"
      }
    },
    "node_modules/react-router-dom": {
      "version": "6.30.3",
      "resolved": "https://registry.npmjs.org/react-router-dom/-/react-router-dom-6.30.3.tgz",
      "integrity": "sha512-pxPcv1AczD4vso7G4Z3TKcvlxK7g7TNt3/FNGMhfqyntocvYKj+GCatfigGDjbLozC4baguJ0ReCigoDJXb0ag==",
      "license": "MIT",
      "dependencies": {
        "@remix-run/router": "1.23.2",
        "react-router": "6.30.3"
      },
      "engines": {
        "node": ">=14.0.0"
      },
      "peerDependencies": {
        "react": ">=16.8",
        "react-dom": ">=16.8"
      }
    },
    "node_modules/recharts": {
      "resolved": "../../node_modules/.pnpm/recharts@2.15.4_react-dom@18.3.1_react@18.3.1__react@18.3.1/node_modules/recharts",
      "link": true
    },
    "node_modules/tailwind-merge": {
      "resolved": "../../node_modules/.pnpm/tailwind-merge@1.14.0/node_modules/tailwind-merge",
      "link": true
    },
    "node_modules/tailwindcss": {
      "resolved": "../../node_modules/.pnpm/tailwindcss@3.4.19_tsx@4.21.0_yaml@2.8.2/node_modules/tailwindcss",
      "link": true
    },
    "node_modules/typescript": {
      "resolved": "../../node_modules/.pnpm/typescript@5.9.3/node_modules/typescript",
      "link": true
    },
    "node_modules/vite": {
      "resolved": "../../node_modules/.pnpm/vite@4.5.14_@types+node@20.19.37/node_modules/vite",
      "link": true
    }
  }
}
